
Microsoft Visual Studio Solution File, Format Version 12.00
# Visual Studio Version 17
VisualStudioVersion = 17.5.33516.290
MinimumVisualStudioVersion = 10.0.40219.1
Project("{9A19103F-16F7-4668-BE54-9A1E7A4F7556}") = "Metarca.Server", "Metarca.Server\Metarca.Server.csproj", "{C174BA26-8F0E-45EA-A5E1-4DB2645E1186}"
EndProject
Project("{9A19103F-16F7-4668-BE54-9A1E7A4F7556}") = "Metarca.Shared", "Metarca.Shared\Metarca.Shared.csproj", "{3FCCD85A-BBD8-4377-B0DD-D92F707DCC70}"
EndProject
Project("{FAE04EC0-301F-11D3-BF4B-00C04F79EFBC}") = "Metarca.Tests", "Metarca.Tests\Metarca.Tests.csproj", "{41F51708-AD80-4BE8-9E25-A480EE067FFC}"
EndProject
Global
	GlobalSection(SolutionConfigurationPlatforms) = preSolution
		Debug|Any CPU = Debug|Any CPU
		Release|Any CPU = Release|Any CPU
	EndGlobalSection
	GlobalSection(ProjectConfigurationPlatforms) = postSolution
		{C174BA26-8F0E-45EA-A5E1-4DB2645E1186}.Debug|Any CPU.ActiveCfg = Debug|Any CPU
		{C174BA26-8F0E-45EA-A5E1-4DB2645E1186}.Debug|Any CPU.Build.0 = Debug|Any CPU
		{C174BA26-8F0E-45EA-A5E1-4DB2645E1186}.Release|Any CPU.ActiveCfg = Release|Any CPU
		{C174BA26-8F0E-45EA-A5E1-4DB2645E1186}.Release|Any CPU.Build.0 = Release|Any CPU
		{3FCCD85A-BBD8-4377-B0DD-D92F707DCC70}.Debug|Any CPU.ActiveCfg = Release|Any CPU
		{3FCCD85A-BBD8-4377-B0DD-D92F707DCC70}.Debug|Any CPU.Build.0 = Release|Any CPU
		{3FCCD85A-BBD8-4377-B0DD-D92F707DCC70}.Release|Any CPU.ActiveCfg = Release|Any CPU
		{3FCCD85A-BBD8-4377-B0DD-D92F707DCC70}.Release|Any CPU.Build.0 = Release|Any CPU
		{41F51708-AD80-4BE8-9E25-A480EE067FFC}.Debug|Any CPU.ActiveCfg = Debug|Any CPU
		{41F51708-AD80-4BE8-9E25-A480EE067FFC}.Debug|Any CPU.Build.0 = Debug|Any CPU
		{41F51708-AD80-4BE8-9E25-A480EE067FFC}.Release|Any CPU.ActiveCfg = Release|Any CPU
		{41F51708-AD80-4BE8-9E25-A480EE067FFC}.Release|Any CPU.Build.0 = Release|Any CPU
	EndGlobalSection
	GlobalSection(SolutionProperties) = preSolution
		HideSolutionNode = FALSE
	EndGlobalSection
	GlobalSection(ExtensibilityGlobals) = postSolution
		SolutionGuid = {CC04DBE8-53ED-4EA7-AE6C-67E3EDF22957}
	EndGlobalSection
EndGlobal
